{
  "object": {
    "pins": [
      {
        "package": "EzHTTP",
        "repositoryURL": "https://github.com/asaday/EzHTTP.git",
        "state": {
          "branch": null,
          "revision": "30f0766dade65a0926cdaeec1ece604ebdf41c96",
          "version": "3.6.1"
        }
      }
    ]
  },
  "version": 1
}
