// !$*UTF8*$!
{
	archiveVersion = 1;
	classes = {
	};
	objectVersion = 52;
	objects = {

/* Begin PBXBuildFile section */
		3904C8FF254D1B0E00F64CC5 /* AppDelegate.swift in Sources */ = {isa = PBXBuildFile; fileRef = 3904C8FE254D1B0E00F64CC5 /* AppDelegate.swift */; };
		3904C901254D1B0E00F64CC5 /* ContentView.swift in Sources */ = {isa = PBXBuildFile; fileRef = 3904C900254D1B0E00F64CC5 /* ContentView.swift */; };
		3904C903254D1B0E00F64CC5 /* Assets.xcassets in Resources */ = {isa = PBXBuildFile; fileRef = 3904C902254D1B0E00F64CC5 /* Assets.xcassets */; };
		3904C906254D1B0E00F64CC5 /* Preview Assets.xcassets in Resources */ = {isa = PBXBuildFile; fileRef = 3904C905254D1B0E00F64CC5 /* Preview Assets.xcassets */; };
		3904C909254D1B0E00F64CC5 /* Main.storyboard in Resources */ = {isa = PBXBuildFile; fileRef = 3904C907254D1B0E00F64CC5 /* Main.storyboard */; };
		3904C915254D1B0E00F64CC5 /* stateTests.swift in Sources */ = {isa = PBXBuildFile; fileRef = 3904C914254D1B0E00F64CC5 /* stateTests.swift */; };
		3904C920254D1B0E00F64CC5 /* stateUITests.swift in Sources */ = {isa = PBXBuildFile; fileRef = 3904C91F254D1B0E00F64CC5 /* stateUITests.swift */; };
		3904C932254D565100F64CC5 /* EzHTTP in Frameworks */ = {isa = PBXBuildFile; productRef = 3904C931254D565100F64CC5 /* EzHTTP */; };
/* End PBXBuildFile section */

/* Begin PBXContainerItemProxy section */
		3904C911254D1B0E00F64CC5 /* PBXContainerItemProxy */ = {
			isa = PBXContainerItemProxy;
			containerPortal = 3904C8F3254D1B0E00F64CC5 /* Project object */;
			proxyType = 1;
			remoteGlobalIDString = 3904C8FA254D1B0E00F64CC5;
			remoteInfo = state;
		};
		3904C91C254D1B0E00F64CC5 /* PBXContainerItemProxy */ = {
			isa = PBXContainerItemProxy;
			containerPortal = 3904C8F3254D1B0E00F64CC5 /* Project object */;
			proxyType = 1;
			remoteGlobalIDString = 3904C8FA254D1B0E00F64CC5;
			remoteInfo = state;
		};
/* End PBXContainerItemProxy section */

/* Begin PBXFileReference section */
		3904C8FB254D1B0E00F64CC5 /* state.app */ = {isa = PBXFileReference; explicitFileType = wrapper.application; includeInIndex = 0; path = state.app; sourceTree = BUILT_PRODUCTS_DIR; };
		3904C8FE254D1B0E00F64CC5 /* AppDelegate.swift */ = {isa = PBXFileReference; lastKnownFileType = sourcecode.swift; path = AppDelegate.swift; sourceTree = "<group>"; };
		3904C900254D1B0E00F64CC5 /* ContentView.swift */ = {isa = PBXFileReference; lastKnownFileType = sourcecode.swift; path = ContentView.swift; sourceTree = "<group>"; };
		3904C902254D1B0E00F64CC5 /* Assets.xcassets */ = {isa = PBXFileReference; lastKnownFileType = folder.assetcatalog; path = Assets.xcassets; sourceTree = "<group>"; };
		3904C905254D1B0E00F64CC5 /* Preview Assets.xcassets */ = {isa = PBXFileReference; lastKnownFileType = folder.assetcatalog; path = "Preview Assets.xcassets"; sourceTree = "<group>"; };
		3904C908254D1B0E00F64CC5 /* Base */ = {isa = PBXFileReference; lastKnownFileType = file.storyboard; name = Base; path = Base.lproj/Main.storyboard; sourceTree = "<group>"; };
		3904C90A254D1B0E00F64CC5 /* Info.plist */ = {isa = PBXFileReference; lastKnownFileType = text.plist.xml; path = Info.plist; sourceTree = "<group>"; };
		3904C90B254D1B0E00F64CC5 /* state.entitlements */ = {isa = PBXFileReference; lastKnownFileType = text.plist.entitlements; path = state.entitlements; sourceTree = "<group>"; };
		3904C910254D1B0E00F64CC5 /* stateTests.xctest */ = {isa = PBXFileReference; explicitFileType = wrapper.cfbundle; includeInIndex = 0; path = stateTests.xctest; sourceTree = BUILT_PRODUCTS_DIR; };
		3904C914254D1B0E00F64CC5 /* stateTests.swift */ = {isa = PBXFileReference; lastKnownFileType = sourcecode.swift; path = stateTests.swift; sourceTree = "<group>"; };
		3904C916254D1B0E00F64CC5 /* Info.plist */ = {isa = PBXFileReference; lastKnownFileType = text.plist.xml; path = Info.plist; sourceTree = "<group>"; };
		3904C91B254D1B0E00F64CC5 /* stateUITests.xctest */ = {isa = PBXFileReference; explicitFileType = wrapper.cfbundle; includeInIndex = 0; path = stateUITests.xctest; sourceTree = BUILT_PRODUCTS_DIR; };
		3904C91F254D1B0E00F64CC5 /* stateUITests.swift */ = {isa = PBXFileReference; lastKnownFileType = sourcecode.swift; path = stateUITests.swift; sourceTree = "<group>"; };
		3904C921254D1B0E00F64CC5 /* Info.plist */ = {isa = PBXFileReference; lastKnownFileType = text.plist.xml; path = Info.plist; sourceTree = "<group>"; };
/* End PBXFileReference section */

/* Begin PBXFrameworksBuildPhase section */
		3904C8F8254D1B0E00F64CC5 /* Frameworks */ = {
			isa = PBXFrameworksBuildPhase;
			buildActionMask = 2147483647;
			files = (
				3904C932254D565100F64CC5 /* EzHTTP in Frameworks */,
			);
			runOnlyForDeploymentPostprocessing = 0;
		};
		3904C90D254D1B0E00F64CC5 /* Frameworks */ = {
			isa = PBXFrameworksBuildPhase;
			buildActionMask = 2147483647;
			files = (
			);
			runOnlyForDeploymentPostprocessing = 0;
		};
		3904C918254D1B0E00F64CC5 /* Frameworks */ = {
			isa = PBXFrameworksBuildPhase;
			buildActionMask = 2147483647;
			files = (
			);
			runOnlyForDeploymentPostprocessing = 0;
		};
/* End PBXFrameworksBuildPhase section */

/* Begin PBXGroup section */
		3904C8F2254D1B0E00F64CC5 = {
			isa = PBXGroup;
			children = (
				3904C8FD254D1B0E00F64CC5 /* state */,
				3904C913254D1B0E00F64CC5 /* stateTests */,
				3904C91E254D1B0E00F64CC5 /* stateUITests */,
				3904C8FC254D1B0E00F64CC5 /* Products */,
			);
			sourceTree = "<group>";
		};
		3904C8FC254D1B0E00F64CC5 /* Products */ = {
			isa = PBXGroup;
			children = (
				3904C8FB254D1B0E00F64CC5 /* state.app */,
				3904C910254D1B0E00F64CC5 /* stateTests.xctest */,
				3904C91B254D1B0E00F64CC5 /* stateUITests.xctest */,
			);
			name = Products;
			sourceTree = "<group>";
		};
		3904C8FD254D1B0E00F64CC5 /* state */ = {
			isa = PBXGroup;
			children = (
				3904C8FE254D1B0E00F64CC5 /* AppDelegate.swift */,
				3904C900254D1B0E00F64CC5 /* ContentView.swift */,
				3904C902254D1B0E00F64CC5 /* Assets.xcassets */,
				3904C907254D1B0E00F64CC5 /* Main.storyboard */,
				3904C90A254D1B0E00F64CC5 /* Info.plist */,
				3904C90B254D1B0E00F64CC5 /* state.entitlements */,
				3904C904254D1B0E00F64CC5 /* Preview Content */,
			);
			path = state;
			sourceTree = "<group>";
		};
		3904C904254D1B0E00F64CC5 /* Preview Content */ = {
			isa = PBXGroup;
			children = (
				3904C905254D1B0E00F64CC5 /* Preview Assets.xcassets */,
			);
			path = "Preview Content";
			sourceTree = "<group>";
		};
		3904C913254D1B0E00F64CC5 /* stateTests */ = {
			isa = PBXGroup;
			children = (
				3904C914254D1B0E00F64CC5 /* stateTests.swift */,
				3904C916254D1B0E00F64CC5 /* Info.plist */,
			);
			path = stateTests;
			sourceTree = "<group>";
		};
		3904C91E254D1B0E00F64CC5 /* stateUITests */ = {
			isa = PBXGroup;
			children = (
				3904C91F254D1B0E00F64CC5 /* stateUITests.swift */,
				3904C921254D1B0E00F64CC5 /* Info.plist */,
			);
			path = stateUITests;
			sourceTree = "<group>";
		};
/* End PBXGroup section */

/* Begin PBXNativeTarget section */
		3904C8FA254D1B0E00F64CC5 /* state */ = {
			isa = PBXNativeTarget;
			buildConfigurationList = 3904C924254D1B0E00F64CC5 /* Build configuration list for PBXNativeTarget "state" */;
			buildPhases = (
				3904C8F7254D1B0E00F64CC5 /* Sources */,
				3904C8F8254D1B0E00F64CC5 /* Frameworks */,
				3904C8F9254D1B0E00F64CC5 /* Resources */,
			);
			buildRules = (
			);
			dependencies = (
			);
			name = state;
			packageProductDependencies = (
				3904C931254D565100F64CC5 /* EzHTTP */,
			);
			productName = state;
			productReference = 3904C8FB254D1B0E00F64CC5 /* state.app */;
			productType = "com.apple.product-type.application";
		};
		3904C90F254D1B0E00F64CC5 /* stateTests */ = {
			isa = PBXNativeTarget;
			buildConfigurationList = 3904C927254D1B0E00F64CC5 /* Build configuration list for PBXNativeTarget "stateTests" */;
			buildPhases = (
				3904C90C254D1B0E00F64CC5 /* Sources */,
				3904C90D254D1B0E00F64CC5 /* Frameworks */,
				3904C90E254D1B0E00F64CC5 /* Resources */,
			);
			buildRules = (
			);
			dependencies = (
				3904C912254D1B0E00F64CC5 /* PBXTargetDependency */,
			);
			name = stateTests;
			productName = stateTests;
			productReference = 3904C910254D1B0E00F64CC5 /* stateTests.xctest */;
			productType = "com.apple.product-type.bundle.unit-test";
		};
		3904C91A254D1B0E00F64CC5 /* stateUITests */ = {
			isa = PBXNativeTarget;
			buildConfigurationList = 3904C92A254D1B0E00F64CC5 /* Build configuration list for PBXNativeTarget "stateUITests" */;
			buildPhases = (
				3904C917254D1B0E00F64CC5 /* Sources */,
				3904C918254D1B0E00F64CC5 /* Frameworks */,
				3904C919254D1B0E00F64CC5 /* Resources */,
			);
			buildRules = (
			);
			dependencies = (
				3904C91D254D1B0E00F64CC5 /* PBXTargetDependency */,
			);
			name = stateUITests;
			productName = stateUITests;
			productReference = 3904C91B254D1B0E00F64CC5 /* stateUITests.xctest */;
			productType = "com.apple.product-type.bundle.ui-testing";
		};
/* End PBXNativeTarget section */

/* Begin PBXProject section */
		3904C8F3254D1B0E00F64CC5 /* Project object */ = {
			isa = PBXProject;
			attributes = {
				LastSwiftUpdateCheck = 1210;
				LastUpgradeCheck = 1210;
				TargetAttributes = {
					3904C8FA254D1B0E00F64CC5 = {
						CreatedOnToolsVersion = 12.1;
					};
					3904C90F254D1B0E00F64CC5 = {
						CreatedOnToolsVersion = 12.1;
						TestTargetID = 3904C8FA254D1B0E00F64CC5;
					};
					3904C91A254D1B0E00F64CC5 = {
						CreatedOnToolsVersion = 12.1;
						TestTargetID = 3904C8FA254D1B0E00F64CC5;
					};
				};
			};
			buildConfigurationList = 3904C8F6254D1B0E00F64CC5 /* Build configuration list for PBXProject "state" */;
			compatibilityVersion = "Xcode 9.3";
			developmentRegion = en;
			hasScannedForEncodings = 0;
			knownRegions = (
				en,
				Base,
			);
			mainGroup = 3904C8F2254D1B0E00F64CC5;
			packageReferences = (
				3904C930254D565100F64CC5 /* XCRemoteSwiftPackageReference "EzHTTP" */,
			);
			productRefGroup = 3904C8FC254D1B0E00F64CC5 /* Products */;
			projectDirPath = "";
			projectRoot = "";
			targets = (
				3904C8FA254D1B0E00F64CC5 /* state */,
				3904C90F254D1B0E00F64CC5 /* stateTests */,
				3904C91A254D1B0E00F64CC5 /* stateUITests */,
			);
		};
/* End PBXProject section */

/* Begin PBXResourcesBuildPhase section */
		3904C8F9254D1B0E00F64CC5 /* Resources */ = {
			isa = PBXResourcesBuildPhase;
			buildActionMask = 2147483647;
			files = (
				3904C909254D1B0E00F64CC5 /* Main.storyboard in Resources */,
				3904C906254D1B0E00F64CC5 /* Preview Assets.xcassets in Resources */,
				3904C903254D1B0E00F64CC5 /* Assets.xcassets in Resources */,
			);
			runOnlyForDeploymentPostprocessing = 0;
		};
		3904C90E254D1B0E00F64CC5 /* Resources */ = {
			isa = PBXResourcesBuildPhase;
			buildActionMask = 2147483647;
			files = (
			);
			runOnlyForDeploymentPostprocessing = 0;
		};
		3904C919254D1B0E00F64CC5 /* Resources */ = {
			isa = PBXResourcesBuildPhase;
			buildActionMask = 2147483647;
			files = (
			);
			runOnlyForDeploymentPostprocessing = 0;
		};
/* End PBXResourcesBuildPhase section */

/* Begin PBXSourcesBuildPhase section */
		3904C8F7254D1B0E00F64CC5 /* Sources */ = {
			isa = PBXSourcesBuildPhase;
			buildActionMask = 2147483647;
			files = (
				3904C901254D1B0E00F64CC5 /* ContentView.swift in Sources */,
				3904C8FF254D1B0E00F64CC5 /* AppDelegate.swift in Sources */,
			);
			runOnlyForDeploymentPostprocessing = 0;
		};
		3904C90C254D1B0E00F64CC5 /* Sources */ = {
			isa = PBXSourcesBuildPhase;
			buildActionMask = 2147483647;
			files = (
				3904C915254D1B0E00F64CC5 /* stateTests.swift in Sources */,
			);
			runOnlyForDeploymentPostprocessing = 0;
		};
		3904C917254D1B0E00F64CC5 /* Sources */ = {
			isa = PBXSourcesBuildPhase;
			buildActionMask = 2147483647;
			files = (
				3904C920254D1B0E00F64CC5 /* stateUITests.swift in Sources */,
			);
			runOnlyForDeploymentPostprocessing = 0;
		};
/* End PBXSourcesBuildPhase section */

/* Begin PBXTargetDependency section */
		3904C912254D1B0E00F64CC5 /* PBXTargetDependency */ = {
			isa = PBXTargetDependency;
			target = 3904C8FA254D1B0E00F64CC5 /* state */;
			targetProxy = 3904C911254D1B0E00F64CC5 /* PBXContainerItemProxy */;
		};
		3904C91D254D1B0E00F64CC5 /* PBXTargetDependency */ = {
			isa = PBXTargetDependency;
			target = 3904C8FA254D1B0E00F64CC5 /* state */;
			targetProxy = 3904C91C254D1B0E00F64CC5 /* PBXContainerItemProxy */;
		};
/* End PBXTargetDependency section */

/* Begin PBXVariantGroup section */
		3904C907254D1B0E00F64CC5 /* Main.storyboard */ = {
			isa = PBXVariantGroup;
			children = (
				3904C908254D1B0E00F64CC5 /* Base */,
			);
			name = Main.storyboard;
			sourceTree = "<group>";
		};
/* End PBXVariantGroup section */

/* Begin XCBuildConfiguration section */
		3904C922254D1B0E00F64CC5 /* Debug */ = {
			isa = XCBuildConfiguration;
			buildSettings = {
				ALWAYS_SEARCH_USER_PATHS = NO;
				CLANG_ANALYZER_NONNULL = YES;
				CLANG_ANALYZER_NUMBER_OBJECT_CONVERSION = YES_AGGRESSIVE;
				CLANG_CXX_LANGUAGE_STANDARD = "gnu++14";
				CLANG_CXX_LIBRARY = "libc++";
				CLANG_ENABLE_MODULES = YES;
				CLANG_ENABLE_OBJC_ARC = YES;
				CLANG_ENABLE_OBJC_WEAK = YES;
				CLANG_WARN_BLOCK_CAPTURE_AUTORELEASING = YES;
				CLANG_WARN_BOOL_CONVERSION = YES;
				CLANG_WARN_COMMA = YES;
				CLANG_WARN_CONSTANT_CONVERSION = YES;
				CLANG_WARN_DEPRECATED_OBJC_IMPLEMENTATIONS = YES;
				CLANG_WARN_DIRECT_OBJC_ISA_USAGE = YES_ERROR;
				CLANG_WARN_DOCUMENTATION_COMMENTS = YES;
				CLANG_WARN_EMPTY_BODY = YES;
				CLANG_WARN_ENUM_CONVERSION = YES;
				CLANG_WARN_INFINITE_RECURSION = YES;
				CLANG_WARN_INT_CONVERSION = YES;
				CLANG_WARN_NON_LITERAL_NULL_CONVERSION = YES;
				CLANG_WARN_OBJC_IMPLICIT_RETAIN_SELF = YES;
				CLANG_WARN_OBJC_LITERAL_CONVERSION = YES;
				CLANG_WARN_OBJC_ROOT_CLASS = YES_ERROR;
				CLANG_WARN_QUOTED_INCLUDE_IN_FRAMEWORK_HEADER = YES;
				CLANG_WARN_RANGE_LOOP_ANALYSIS = YES;
				CLANG_WARN_STRICT_PROTOTYPES = YES;
				CLANG_WARN_SUSPICIOUS_MOVE = YES;
				CLANG_WARN_UNGUARDED_AVAILABILITY = YES_AGGRESSIVE;
				CLANG_WARN_UNREACHABLE_CODE = YES;
				CLANG_WARN__DUPLICATE_METHOD_MATCH = YES;
				COPY_PHASE_STRIP = NO;
				DEBUG_INFORMATION_FORMAT = dwarf;
				ENABLE_STRICT_OBJC_MSGSEND = YES;
				ENABLE_TESTABILITY = YES;
				GCC_C_LANGUAGE_STANDARD = gnu11;
				GCC_DYNAMIC_NO_PIC = NO;
				GCC_NO_COMMON_BLOCKS = YES;
				GCC_OPTIMIZATION_LEVEL = 0;
				GCC_PREPROCESSOR_DEFINITIONS = (
					"DEBUG=1",
					"$(inherited)",
				);
				GCC_WARN_64_TO_32_BIT_CONVERSION = YES;
				GCC_WARN_ABOUT_RETURN_TYPE = YES_ERROR;
				GCC_WARN_UNDECLARED_SELECTOR = YES;
				GCC_WARN_UNINITIALIZED_AUTOS = YES_AGGRESSIVE;
				GCC_WARN_UNUSED_FUNCTION = YES;
				GCC_WARN_UNUSED_VARIABLE = YES;
				MACOSX_DEPLOYMENT_TARGET = 10.15;
				MTL_ENABLE_DEBUG_INFO = INCLUDE_SOURCE;
				MTL_FAST_MATH = YES;
				ONLY_ACTIVE_ARCH = YES;
				SDKROOT = macosx;
				SWIFT_ACTIVE_COMPILATION_CONDITIONS = DEBUG;
				SWIFT_OPTIMIZATION_LEVEL = "-Onone";
			};
			name = Debug;
		};
		3904C923254D1B0E00F64CC5 /* Release */ = {
			isa = XCBuildConfiguration;
			buildSettings = {
				ALWAYS_SEARCH_USER_PATHS = NO;
				CLANG_ANALYZER_NONNULL = YES;
				CLANG_ANALYZER_NUMBER_OBJECT_CONVERSION = YES_AGGRESSIVE;
				CLANG_CXX_LANGUAGE_STANDARD = "gnu++14";
				CLANG_CXX_LIBRARY = "libc++";
				CLANG_ENABLE_MODULES = YES;
				CLANG_ENABLE_OBJC_ARC = YES;
				CLANG_ENABLE_OBJC_WEAK = YES;
				CLANG_WARN_BLOCK_CAPTURE_AUTORELEASING = YES;
				CLANG_WARN_BOOL_CONVERSION = YES;
				CLANG_WARN_COMMA = YES;
				CLANG_WARN_CONSTANT_CONVERSION = YES;
				CLANG_WARN_DEPRECATED_OBJC_IMPLEMENTATIONS = YES;
				CLANG_WARN_DIRECT_OBJC_ISA_USAGE = YES_ERROR;
				CLANG_WARN_DOCUMENTATION_COMMENTS = YES;
				CLANG_WARN_EMPTY_BODY = YES;
				CLANG_WARN_ENUM_CONVERSION = YES;
				CLANG_WARN_INFINITE_RECURSION = YES;
				CLANG_WARN_INT_CONVERSION = YES;
				CLANG_WARN_NON_LITERAL_NULL_CONVERSION = YES;
				CLANG_WARN_OBJC_IMPLICIT_RETAIN_SELF = YES;
				CLANG_WARN_OBJC_LITERAL_CONVERSION = YES;
				CLANG_WARN_OBJC_ROOT_CLASS = YES_ERROR;
				CLANG_WARN_QUOTED_INCLUDE_IN_FRAMEWORK_HEADER = YES;
				CLANG_WARN_RANGE_LOOP_ANALYSIS = YES;
				CLANG_WARN_STRICT_PROTOTYPES = YES;
				CLANG_WARN_SUSPICIOUS_MOVE = YES;
				CLANG_WARN_UNGUARDED_AVAILABILITY = YES_AGGRESSIVE;
				CLANG_WARN_UNREACHABLE_CODE = YES;
				CLANG_WARN__DUPLICATE_METHOD_MATCH = YES;
				COPY_PHASE_STRIP = NO;
				DEBUG_INFORMATION_FORMAT = "dwarf-with-dsym";
				ENABLE_NS_ASSERTIONS = NO;
				ENABLE_STRICT_OBJC_MSGSEND = YES;
				GCC_C_LANGUAGE_STANDARD = gnu11;
				GCC_NO_COMMON_BLOCKS = YES;
				GCC_WARN_64_TO_32_BIT_CONVERSION = YES;
				GCC_WARN_ABOUT_RETURN_TYPE = YES_ERROR;
				GCC_WARN_UNDECLARED_SELECTOR = YES;
				GCC_WARN_UNINITIALIZED_AUTOS = YES_AGGRESSIVE;
				GCC_WARN_UNUSED_FUNCTION = YES;
				GCC_WARN_UNUSED_VARIABLE = YES;
				MACOSX_DEPLOYMENT_TARGET = 10.15;
				MTL_ENABLE_DEBUG_INFO = NO;
				MTL_FAST_MATH = YES;
				SDKROOT = macosx;
				SWIFT_COMPILATION_MODE = wholemodule;
				SWIFT_OPTIMIZATION_LEVEL = "-O";
			};
			name = Release;
		};
		3904C925254D1B0E00F64CC5 /* Debug */ = {
			isa = XCBuildConfiguration;
			buildSettings = {
				ASSETCATALOG_COMPILER_APPICON_NAME = AppIcon;
				ASSETCATALOG_COMPILER_GLOBAL_ACCENT_COLOR_NAME = AccentColor;
				CODE_SIGN_ENTITLEMENTS = state/state.entitlements;
				CODE_SIGN_STYLE = Automatic;
				COMBINE_HIDPI_IMAGES = YES;
				DEVELOPMENT_ASSET_PATHS = "\"state/Preview Content\"";
				ENABLE_PREVIEWS = YES;
				INFOPLIST_FILE = state/Info.plist;
				LD_RUNPATH_SEARCH_PATHS = (
					"$(inherited)",
					"@executable_path/../Frameworks",
				);
				MACOSX_DEPLOYMENT_TARGET = 10.15;
				PRODUCT_BUNDLE_IDENTIFIER = com.state;
				PRODUCT_NAME = "$(TARGET_NAME)";
				SWIFT_VERSION = 5.0;
			};
			name = Debug;
		};
		3904C926254D1B0E00F64CC5 /* Release */ = {
			isa = XCBuildConfiguration;
			buildSettings = {
				ASSETCATALOG_COMPILER_APPICON_NAME = AppIcon;
				ASSETCATALOG_COMPILER_GLOBAL_ACCENT_COLOR_NAME = AccentColor;
				CODE_SIGN_ENTITLEMENTS = state/state.entitlements;
				CODE_SIGN_STYLE = Automatic;
				COMBINE_HIDPI_IMAGES = YES;
				DEVELOPMENT_ASSET_PATHS = "\"state/Preview Content\"";
				ENABLE_PREVIEWS = YES;
				INFOPLIST_FILE = state/Info.plist;
				LD_RUNPATH_SEARCH_PATHS = (
					"$(inherited)",
					"@executable_path/../Frameworks",
				);
				MACOSX_DEPLOYMENT_TARGET = 10.15;
				PRODUCT_BUNDLE_IDENTIFIER = com.state;
				PRODUCT_NAME = "$(TARGET_NAME)";
				SWIFT_VERSION = 5.0;
			};
			name = Release;
		};
		3904C928254D1B0E00F64CC5 /* Debug */ = {
			isa = XCBuildConfiguration;
			buildSettings = {
				ALWAYS_EMBED_SWIFT_STANDARD_LIBRARIES = YES;
				BUNDLE_LOADER = "$(TEST_HOST)";
				CODE_SIGN_STYLE = Automatic;
				COMBINE_HIDPI_IMAGES = YES;
				INFOPLIST_FILE = stateTests/Info.plist;
				LD_RUNPATH_SEARCH_PATHS = (
					"$(inherited)",
					"@executable_path/../Frameworks",
					"@loader_path/../Frameworks",
				);
				MACOSX_DEPLOYMENT_TARGET = 10.15;
				PRODUCT_BUNDLE_IDENTIFIER = com.stateTests;
				PRODUCT_NAME = "$(TARGET_NAME)";
				SWIFT_VERSION = 5.0;
				TEST_HOST = "$(BUILT_PRODUCTS_DIR)/state.app/Contents/MacOS/state";
			};
			name = Debug;
		};
		3904C929254D1B0E00F64CC5 /* Release */ = {
			isa = XCBuildConfiguration;
			buildSettings = {
				ALWAYS_EMBED_SWIFT_STANDARD_LIBRARIES = YES;
				BUNDLE_LOADER = "$(TEST_HOST)";
				CODE_SIGN_STYLE = Automatic;
				COMBINE_HIDPI_IMAGES = YES;
				INFOPLIST_FILE = stateTests/Info.plist;
				LD_RUNPATH_SEARCH_PATHS = (
					"$(inherited)",
					"@executable_path/../Frameworks",
					"@loader_path/../Frameworks",
				);
				MACOSX_DEPLOYMENT_TARGET = 10.15;
				PRODUCT_BUNDLE_IDENTIFIER = com.stateTests;
				PRODUCT_NAME = "$(TARGET_NAME)";
				SWIFT_VERSION = 5.0;
				TEST_HOST = "$(BUILT_PRODUCTS_DIR)/state.app/Contents/MacOS/state";
			};
			name = Release;
		};
		3904C92B254D1B0E00F64CC5 /* Debug */ = {
			isa = XCBuildConfiguration;
			buildSettings = {
				ALWAYS_EMBED_SWIFT_STANDARD_LIBRARIES = YES;
				CODE_SIGN_STYLE = Automatic;
				COMBINE_HIDPI_IMAGES = YES;
				INFOPLIST_FILE = stateUITests/Info.plist;
				LD_RUNPATH_SEARCH_PATHS = (
					"$(inherited)",
					"@executable_path/../Frameworks",
					"@loader_path/../Frameworks",
				);
				PRODUCT_BUNDLE_IDENTIFIER = com.stateUITests;
				PRODUCT_NAME = "$(TARGET_NAME)";
				SWIFT_VERSION = 5.0;
				TEST_TARGET_NAME = state;
			};
			name = Debug;
		};
		3904C92C254D1B0E00F64CC5 /* Release */ = {
			isa = XCBuildConfiguration;
			buildSettings = {
				ALWAYS_EMBED_SWIFT_STANDARD_LIBRARIES = YES;
				CODE_SIGN_STYLE = Automatic;
				COMBINE_HIDPI_IMAGES = YES;
				INFOPLIST_FILE = stateUITests/Info.plist;
				LD_RUNPATH_SEARCH_PATHS = (
					"$(inherited)",
					"@executable_path/../Frameworks",
					"@loader_path/../Frameworks",
				);
				PRODUCT_BUNDLE_IDENTIFIER = com.stateUITests;
				PRODUCT_NAME = "$(TARGET_NAME)";
				SWIFT_VERSION = 5.0;
				TEST_TARGET_NAME = state;
			};
			name = Release;
		};
/* End XCBuildConfiguration section */

/* Begin XCConfigurationList section */
		3904C8F6254D1B0E00F64CC5 /* Build configuration list for PBXProject "state" */ = {
			isa = XCConfigurationList;
			buildConfigurations = (
				3904C922254D1B0E00F64CC5 /* Debug */,
				3904C923254D1B0E00F64CC5 /* Release */,
			);
			defaultConfigurationIsVisible = 0;
			defaultConfigurationName = Release;
		};
		3904C924254D1B0E00F64CC5 /* Build configuration list for PBXNativeTarget "state" */ = {
			isa = XCConfigurationList;
			buildConfigurations = (
				3904C925254D1B0E00F64CC5 /* Debug */,
				3904C926254D1B0E00F64CC5 /* Release */,
			);
			defaultConfigurationIsVisible = 0;
			defaultConfigurationName = Release;
		};
		3904C927254D1B0E00F64CC5 /* Build configuration list for PBXNativeTarget "stateTests" */ = {
			isa = XCConfigurationList;
			buildConfigurations = (
				3904C928254D1B0E00F64CC5 /* Debug */,
				3904C929254D1B0E00F64CC5 /* Release */,
			);
			defaultConfigurationIsVisible = 0;
			defaultConfigurationName = Release;
		};
		3904C92A254D1B0E00F64CC5 /* Build configuration list for PBXNativeTarget "stateUITests" */ = {
			isa = XCConfigurationList;
			buildConfigurations = (
				3904C92B254D1B0E00F64CC5 /* Debug */,
				3904C92C254D1B0E00F64CC5 /* Release */,
			);
			defaultConfigurationIsVisible = 0;
			defaultConfigurationName = Release;
		};
/* End XCConfigurationList section */

/* Begin XCRemoteSwiftPackageReference section */
		3904C930254D565100F64CC5 /* XCRemoteSwiftPackageReference "EzHTTP" */ = {
			isa = XCRemoteSwiftPackageReference;
			repositoryURL = "https://github.com/asaday/EzHTTP.git";
			requirement = {
				kind = upToNextMajorVersion;
				minimumVersion = 3.6.1;
			};
		};
/* End XCRemoteSwiftPackageReference section */

/* Begin XCSwiftPackageProductDependency section */
		3904C931254D565100F64CC5 /* EzHTTP */ = {
			isa = XCSwiftPackageProductDependency;
			package = 3904C930254D565100F64CC5 /* XCRemoteSwiftPackageReference "EzHTTP" */;
			productName = EzHTTP;
		};
/* End XCSwiftPackageProductDependency section */
	};
	rootObject = 3904C8F3254D1B0E00F64CC5 /* Project object */;
}
